{
  "name": "zdx_wx",
  "version": "1.0.0",
  "lockfileVersion": 3,
  "requires": true,
  "packages": {
    "": {
      "name": "zdx_wx",
      "version": "1.0.0",
      "dependencies": {
        "@rojer/katex-mini": "^1.3.4"
      }
    },
    "node_modules/@rojer/katex-mini": {
      "version": "1.3.4",
      "resolved": "https://registry.npmjs.org/@rojer/katex-mini/-/katex-mini-1.3.4.tgz",
      "integrity": "sha512-/Ln3PSH/DKUU3+nqLh4j9Ge0MFVqgPvg374GPxWPJaE2uQP9S/UNIjqpbX5Ya/u9QkgaUkNbxmp/fZHH7zQF2Q==",
      "license": "ISC",
      "peerDependencies": {
        "katex": "^0.16.0"
      }
    },
    "node_modules/commander": {
      "version": "8.3.0",
      "resolved": "https://registry.npmjs.org/commander/-/commander-8.3.0.tgz",
      "integrity": "sha512-OkTL9umf+He2DZkUq8f8J9of7yL6RJKI24dVITBmNfZBmri9zYZQrKkuXiKhyfPSu8tUhnVBB1iKXevvnlR4Ww==",
      "license": "MIT",
      "peer": true,
      "engines": {
        "node": ">= 12"
      }
    },
    "node_modules/katex": {
      "version": "0.16.44",
      "resolved": "https://registry.npmjs.org/katex/-/katex-0.16.44.tgz",
      "integrity": "sha512-EkxoDTk8ufHqHlf9QxGwcxeLkWRR3iOuYfRpfORgYfqc8s13bgb+YtRY59NK5ZpRaCwq1kqA6a5lpX8C/eLphQ==",
      "funding": [
        "https://opencollective.com/katex",
        "https://github.com/sponsors/katex"
      ],
      "license": "MIT",
      "peer": true,
      "dependencies": {
        "commander": "^8.3.0"
      },
      "bin": {
        "katex": "cli.js"
      }
    }
  }
}
